
Microsoft Visual Studio Solution File, Format Version 12.00
# Visual Studio 2013
VisualStudioVersion = 12.0.31101.0
MinimumVisualStudioVersion = 10.0.40219.1
Project("{FAE04EC0-301F-11D3-BF4B-00C04F79EFBC}") = "Exemplo.Dominio", "Exemplo.Dominio\Exemplo.Dominio.csproj", "{78B6275D-6261-4B4B-8168-0FFDC6B6D014}"
EndProject
Project("{FAE04EC0-301F-11D3-BF4B-00C04F79EFBC}") = "Exemplo.Dominio.Testes", "Exemplo.Dominio.Testes\Exemplo.Dominio.Testes.csproj", "{AF9C873B-1689-4F47-82EE-76F8EE431468}"
EndProject
Global
	GlobalSection(SolutionConfigurationPlatforms) = preSolution
		Debug|Any CPU = Debug|Any CPU
		Release|Any CPU = Release|Any CPU
	EndGlobalSection
	GlobalSection(ProjectConfigurationPlatforms) = postSolution
		{78B6275D-6261-4B4B-8168-0FFDC6B6D014}.Debug|Any CPU.ActiveCfg = Debug|Any CPU
		{78B6275D-6261-4B4B-8168-0FFDC6B6D014}.Debug|Any CPU.Build.0 = Debug|Any CPU
		{78B6275D-6261-4B4B-8168-0FFDC6B6D014}.Release|Any CPU.ActiveCfg = Release|Any CPU
		{78B6275D-6261-4B4B-8168-0FFDC6B6D014}.Release|Any CPU.Build.0 = Release|Any CPU
		{AF9C873B-1689-4F47-82EE-76F8EE431468}.Debug|Any CPU.ActiveCfg = Debug|Any CPU
		{AF9C873B-1689-4F47-82EE-76F8EE431468}.Debug|Any CPU.Build.0 = Debug|Any CPU
		{AF9C873B-1689-4F47-82EE-76F8EE431468}.Release|Any CPU.ActiveCfg = Release|Any CPU
		{AF9C873B-1689-4F47-82EE-76F8EE431468}.Release|Any CPU.Build.0 = Release|Any CPU
	EndGlobalSection
	GlobalSection(SolutionProperties) = preSolution
		HideSolutionNode = FALSE
	EndGlobalSection
EndGlobal
